
Microsoft Visual Studio Solution File, Format Version 12.00
# Visual Studio 15
VisualStudioVersion = 15.0.28307.438
MinimumVisualStudioVersion = 10.0.40219.1
Project("{151D2E53-A2C4-4D7D-83FE-D05416EBD58E}") = "ARMINFRARESOURCE", "ARMINFRARESOURCE\ARMINFRARESOURCE.deployproj", "{85A5C32A-B7C6-4970-B767-AEB0565CD818}"
EndProject
Global
	GlobalSection(SolutionConfigurationPlatforms) = preSolution
		Debug|Any CPU = Debug|Any CPU
		Release|Any CPU = Release|Any CPU
	EndGlobalSection
	GlobalSection(ProjectConfigurationPlatforms) = postSolution
		{85A5C32A-B7C6-4970-B767-AEB0565CD818}.Debug|Any CPU.ActiveCfg = Debug|Any CPU
		{85A5C32A-B7C6-4970-B767-AEB0565CD818}.Debug|Any CPU.Build.0 = Debug|Any CPU
		{85A5C32A-B7C6-4970-B767-AEB0565CD818}.Release|Any CPU.ActiveCfg = Release|Any CPU
		{85A5C32A-B7C6-4970-B767-AEB0565CD818}.Release|Any CPU.Build.0 = Release|Any CPU
	EndGlobalSection
	GlobalSection(SolutionProperties) = preSolution
		HideSolutionNode = FALSE
	EndGlobalSection
	GlobalSection(ExtensibilityGlobals) = postSolution
		SolutionGuid = {1F66D69E-0341-47BF-BA80-D015FBB78093}
	EndGlobalSection
EndGlobal
